<?xml version="1.0" encoding="utf-8"?>
<Project ToolsVersion="4.0" xmlns="http://schemas.microsoft.com/developer/msbuild/2003">
  <ItemGroup>
    <Filter Include="ソース ファイル">
      <UniqueIdentifier>{4FC737F1-C7A5-4376-A066-2A32D752A2FF}</UniqueIdentifier>
      <Extensions>cpp;c;cc;cxx;c++;cppm;ixx;def;odl;idl;hpj;bat;asm;asmx</Extensions>
    </Filter>
    <Filter Include="ヘッダー ファイル">
      <UniqueIdentifier>{93995380-89BD-4b04-88EB-625FBE52EBFB}</UniqueIdentifier>
      <Extensions>h;hh;hpp;hxx;h++;hm;inl;inc;ipp;xsd</Extensions>
    </Filter>
    <Filter Include="リソース ファイル">
      <UniqueIdentifier>{67DA6AB6-F800-4c08-8B7A-83BB121AAD01}</UniqueIdentifier>
      <Extensions>rc;ico;cur;bmp;dlg;rc2;rct;bin;rgs;gif;jpg;jpeg;jpe;resx;tiff;tif;png;wav;mfcribbon-ms</Extensions>
    </Filter>
    <Filter Include="Engine">
      <UniqueIdentifier>{8b3cb9f9-4219-4897-8bb5-df7a7c19eaa3}</UniqueIdentifier>
    </Filter>
    <Filter Include="Engine\WinApp">
      <UniqueIdentifier>{21442b7e-a850-4542-b37c-229a1b1abbf4}</UniqueIdentifier>
    </Filter>
    <Filter Include="Engine\Utilities">
      <UniqueIdentifier>{844c8d2f-aef7-403c-9c4c-e263774d3a67}</UniqueIdentifier>
    </Filter>
    <Filter Include="Engine\DirectX">
      <UniqueIdentifier>{862e9b1d-f7f8-485d-8ed2-ba3a6bcd7536}</UniqueIdentifier>
    </Filter>
    <Filter Include="Engine\DirectX\DirectXCommon">
      <UniqueIdentifier>{fcb3e8bb-3505-4515-addd-264f6b93f46a}</UniqueIdentifier>
    </Filter>
    <Filter Include="Engine\DirectX\DirectXDevice">
      <UniqueIdentifier>{24e2676a-afc1-4558-994c-4531176772a8}</UniqueIdentifier>
    </Filter>
    <Filter Include="Engine\DirectX\DirectXCommands">
      <UniqueIdentifier>{0e53879a-5617-48ab-b64a-152ec83281eb}</UniqueIdentifier>
    </Filter>
    <Filter Include="Engine\DirectX\Descriptor">
      <UniqueIdentifier>{7e20fc99-99c0-4418-954f-f5b00a41d2c7}</UniqueIdentifier>
    </Filter>
    <Filter Include="Engine\DirectX\RTV">
      <UniqueIdentifier>{e4cd0dae-e80c-47fe-bbb5-4826e2ec7b1d}</UniqueIdentifier>
    </Filter>
    <Filter Include="Engine\HLSL">
      <UniqueIdentifier>{631f411d-35f3-49f4-ba91-b3bfd4fb23bd}</UniqueIdentifier>
    </Filter>
    <Filter Include="Engine\DirectX\RootSignature">
      <UniqueIdentifier>{56dfa324-b9e4-4f93-9cb5-d047a12c517d}</UniqueIdentifier>
    </Filter>
    <Filter Include="Engine\DirectX\Pipeline">
      <UniqueIdentifier>{ec2583b0-fab6-4ec0-8c2e-9bf42b46acb7}</UniqueIdentifier>
    </Filter>
    <Filter Include="Engine\GameObject">
      <UniqueIdentifier>{e859b2d8-c6d1-48c5-8dc2-82a2bbe41fb3}</UniqueIdentifier>
    </Filter>
    <Filter Include="Engine\Math">
      <UniqueIdentifier>{dbb79eb9-12a6-489e-b143-b02f8418e2cd}</UniqueIdentifier>
    </Filter>
    <Filter Include="Game">
      <UniqueIdentifier>{daff35cd-1cd4-43ce-a26e-34f4c59941ec}</UniqueIdentifier>
    </Filter>
    <Filter Include="Engine\Lib">
      <UniqueIdentifier>{22d38944-61ac-493d-8dd6-f68f5efbe841}</UniqueIdentifier>
    </Filter>
    <Filter Include="Engine\ImGui">
      <UniqueIdentifier>{7960cc40-5853-4ec6-89a5-198b98173fce}</UniqueIdentifier>
    </Filter>
    <Filter Include="Engine\Manager">
      <UniqueIdentifier>{a8601339-16a1-46ea-aaea-fb81fb3e1997}</UniqueIdentifier>
    </Filter>
    <Filter Include="Engine\Light">
      <UniqueIdentifier>{0af4f66f-04cd-4ca9-8359-f9c2dfc42e9c}</UniqueIdentifier>
    </Filter>
    <Filter Include="Game\Camera">
      <UniqueIdentifier>{b0de3319-ce40-406c-bca8-6eb882771983}</UniqueIdentifier>
    </Filter>
    <Filter Include="Engine\Input">
      <UniqueIdentifier>{bb8344f6-75f3-4823-8f69-a5f4d42b9b5d}</UniqueIdentifier>
    </Filter>
    <Filter Include="Engine\2d">
      <UniqueIdentifier>{5614e2d3-0d58-46f6-ac9d-a55cf590de70}</UniqueIdentifier>
    </Filter>
    <Filter Include="Engine\DirectX\DirectXCompiler">
      <UniqueIdentifier>{b6c9163e-8c5b-44c7-b261-640f887dab9c}</UniqueIdentifier>
    </Filter>
    <Filter Include="Engine\Assets">
      <UniqueIdentifier>{52a4ba17-1cfe-4af5-a67f-925bb30857ea}</UniqueIdentifier>
    </Filter>
    <Filter Include="Game\Scene">
      <UniqueIdentifier>{1bb765dc-6f50-4820-a08f-5a542383ed44}</UniqueIdentifier>
    </Filter>
    <Filter Include="Engine\ParticleSystem">
      <UniqueIdentifier>{208f3b0c-7949-4d78-8f4d-0701d7c6194d}</UniqueIdentifier>
    </Filter>
    <Filter Include="Engine\Collider">
      <UniqueIdentifier>{4bd1c15d-f7e5-455b-bc39-e90a53c2d350}</UniqueIdentifier>
    </Filter>
    <Filter Include="Engine\Audio">
      <UniqueIdentifier>{c83f431b-35d8-4e95-8767-c254a7dc6960}</UniqueIdentifier>
    </Filter>
    <Filter Include="Engine\ComputeShader">
      <UniqueIdentifier>{e36a48b7-226a-4643-84c0-30429e83d8a9}</UniqueIdentifier>
    </Filter>
    <Filter Include="Engine\ParticleSystem\Editer">
      <UniqueIdentifier>{7b22c7be-5f2d-4123-9040-e2b78f54709f}</UniqueIdentifier>
    </Filter>
    <Filter Include="Engine\ParticleSystem\Field">
      <UniqueIdentifier>{74c8d076-9996-47da-9754-be95ab9f5d45}</UniqueIdentifier>
    </Filter>
    <Filter Include="Game\Editer">
      <UniqueIdentifier>{7108b175-9124-427e-9626-c4a56873e080}</UniqueIdentifier>
    </Filter>
    <Filter Include="Game\GameObject">
      <UniqueIdentifier>{d6993e86-a683-4a51-928a-bc0d52541341}</UniqueIdentifier>
    </Filter>
    <Filter Include="Engine\HLSL\CS">
      <UniqueIdentifier>{42b3d390-a5b5-4fdb-9aa3-87577ea7826c}</UniqueIdentifier>
    </Filter>
    <Filter Include="Game\Effect">
      <UniqueIdentifier>{6d2d2e77-3c07-4ec4-815b-55ba7c35564f}</UniqueIdentifier>
    </Filter>
    <Filter Include="Game\Manager">
      <UniqueIdentifier>{bd10a4a9-14d6-4616-84b8-58f98c735979}</UniqueIdentifier>
    </Filter>
    <Filter Include="Game\Information">
      <UniqueIdentifier>{fc061825-3199-4e7e-bfe3-a124df1f9b57}</UniqueIdentifier>
    </Filter>
    <Filter Include="Game\Attachment">
      <UniqueIdentifier>{8402cab2-b53c-4f50-aeeb-3197dd5ba883}</UniqueIdentifier>
    </Filter>
    <Filter Include="Game\UI">
      <UniqueIdentifier>{00907f2b-5450-4533-bbab-c8358289e5ee}</UniqueIdentifier>
    </Filter>
    <Filter Include="Engine\DirectX\Template">
      <UniqueIdentifier>{da0f4114-7515-4278-a995-67fb384b1c8c}</UniqueIdentifier>
    </Filter>
    <Filter Include="Game\GameObject\Placement">
      <UniqueIdentifier>{62aa89db-42d1-461e-9af7-b8c5f7f9cd21}</UniqueIdentifier>
    </Filter>
  </ItemGroup>
  <ItemGroup>
    <ClCompile Include="main.cpp">
      <Filter>ソース ファイル</Filter>
    </ClCompile>
    <ClCompile Include="Engine\WinApp\WinApp.cpp">
      <Filter>Engine\WinApp</Filter>
    </ClCompile>
    <ClCompile Include="Engine\Utilities\Convert.cpp">
      <Filter>Engine\Utilities</Filter>
    </ClCompile>
    <ClCompile Include="Engine\Utilities\DirectXUtils.cpp">
      <Filter>Engine\Utilities</Filter>
    </ClCompile>
    <ClCompile Include="Engine\Engine.cpp">
      <Filter>Engine</Filter>
    </ClCompile>
    <ClCompile Include="Engine\DirectX\DirectXCommon\DirectXCommon.cpp">
      <Filter>Engine\DirectX\DirectXCommon</Filter>
    </ClCompile>
    <ClCompile Include="Engine\DirectX\DirectXDevice\DirectXDevice.cpp">
      <Filter>Engine\DirectX\DirectXDevice</Filter>
    </ClCompile>
    <ClCompile Include="Engine\DirectX\DirectXCommands\DirectXCommands.cpp">
      <Filter>Engine\DirectX\DirectXCommands</Filter>
    </ClCompile>
    <ClCompile Include="Engine\DirectX\Descriptor\DescriptorHeap.cpp">
      <Filter>Engine\DirectX\Descriptor</Filter>
    </ClCompile>
    <ClCompile Include="Engine\DirectX\Descriptor\DescriptorSize.cpp">
      <Filter>Engine\DirectX\Descriptor</Filter>
    </ClCompile>
    <ClCompile Include="Engine\DirectX\RTV\RenderTarget.cpp">
      <Filter>Engine\DirectX\RTV</Filter>
    </ClCompile>
    <ClCompile Include="Engine\DirectX\RootSignature\RootSignature.cpp">
      <Filter>Engine\DirectX\RootSignature</Filter>
    </ClCompile>
    <ClCompile Include="Engine\DirectX\Pipeline\Pipeline.cpp">
      <Filter>Engine\DirectX\Pipeline</Filter>
    </ClCompile>
    <ClCompile Include="Engine\Math\MyMath.cpp">
      <Filter>Engine\Math</Filter>
    </ClCompile>
    <ClCompile Include="Engine\Math\MyMatrix.cpp">
      <Filter>Engine\Math</Filter>
    </ClCompile>
    <ClCompile Include="Externals\ImGui\imgui.cpp">
      <Filter>Engine\ImGui</Filter>
    </ClCompile>
    <ClCompile Include="Externals\ImGui\imgui_demo.cpp">
      <Filter>Engine\ImGui</Filter>
    </ClCompile>
    <ClCompile Include="Externals\ImGui\imgui_draw.cpp">
      <Filter>Engine\ImGui</Filter>
    </ClCompile>
    <ClCompile Include="Externals\ImGui\imgui_impl_dx12.cpp">
      <Filter>Engine\ImGui</Filter>
    </ClCompile>
    <ClCompile Include="Externals\ImGui\imgui_impl_win32.cpp">
      <Filter>Engine\ImGui</Filter>
    </ClCompile>
    <ClCompile Include="Externals\ImGui\imgui_tables.cpp">
      <Filter>Engine\ImGui</Filter>
    </ClCompile>
    <ClCompile Include="Externals\ImGui\imgui_widgets.cpp">
      <Filter>Engine\ImGui</Filter>
    </ClCompile>
    <ClCompile Include="Engine\Manager\ImGuiManager.cpp">
      <Filter>Engine\Manager</Filter>
    </ClCompile>
    <ClCompile Include="Engine\Manager\TextureManager.cpp">
      <Filter>Engine\Manager</Filter>
    </ClCompile>
    <ClCompile Include="Engine\GameObject\Sphere.cpp">
      <Filter>Engine\GameObject</Filter>
    </ClCompile>
    <ClCompile Include="Engine\Light\DirectionalLight.cpp">
      <Filter>Engine\Light</Filter>
    </ClCompile>
    <ClCompile Include="Engine\Light\LightGroup.cpp">
      <Filter>Engine\Light</Filter>
    </ClCompile>
    <ClCompile Include="Game\Camera\Camera.cpp">
      <Filter>Game\Camera</Filter>
    </ClCompile>
    <ClCompile Include="Engine\Input\Input.cpp">
      <Filter>Engine\Input</Filter>
    </ClCompile>
    <ClCompile Include="Engine\DirectX\Pipeline\InputLayout.cpp">
      <Filter>Engine\DirectX\Pipeline</Filter>
    </ClCompile>
    <ClCompile Include="Engine\2d\PrimitiveDrawer.cpp">
      <Filter>Engine\2d</Filter>
    </ClCompile>
    <ClCompile Include="Engine\DirectX\Pipeline\PrimitivePipeline.cpp">
      <Filter>Engine\DirectX\Pipeline</Filter>
    </ClCompile>
    <ClCompile Include="Engine\DirectX\DirectXCompiler\DirectXCompiler.cpp">
      <Filter>Engine\DirectX\DirectXCompiler</Filter>
    </ClCompile>
    <ClCompile Include="Engine\Light\Phong.cpp">
      <Filter>Engine\Light</Filter>
    </ClCompile>
    <ClCompile Include="Engine\Assets\Material.cpp">
      <Filter>Engine\Assets</Filter>
    </ClCompile>
    <ClCompile Include="Engine\Assets\Mesh.cpp">
      <Filter>Engine\Assets</Filter>
    </ClCompile>
    <ClCompile Include="Engine\GameObject\BaseGameObject.cpp">
      <Filter>Engine\GameObject</Filter>
    </ClCompile>
    <ClCompile Include="Engine\Assets\TransformationMatrix.cpp">
      <Filter>Engine\Assets</Filter>
    </ClCompile>
    <ClCompile Include="Engine\GameObject\Model.cpp">
      <Filter>Engine\GameObject</Filter>
    </ClCompile>
    <ClCompile Include="Engine\Utilities\DrawUtils.cpp">
      <Filter>Engine\Utilities</Filter>
    </ClCompile>
    <ClCompile Include="Engine\Utilities\Shader.cpp">
      <Filter>Engine\Utilities</Filter>
    </ClCompile>
    <ClCompile Include="Game\Scene\GameScene.cpp">
      <Filter>Game\Scene</Filter>
    </ClCompile>
    <ClCompile Include="Engine\DirectX\Pipeline\Blend.cpp">
      <Filter>Engine\DirectX\Pipeline</Filter>
    </ClCompile>
    <ClCompile Include="Engine\ParticleSystem\BaseParticle.cpp">
      <Filter>Engine\ParticleSystem</Filter>
    </ClCompile>
    <ClCompile Include="Engine\ParticleSystem\ParticleForGPU.cpp">
      <Filter>Engine\ParticleSystem</Filter>
    </ClCompile>
    <ClCompile Include="Engine\Utilities\Loader.cpp">
      <Filter>Engine\Utilities</Filter>
    </ClCompile>
    <ClCompile Include="Engine\Math\MyRandom.cpp">
      <Filter>Engine\Math</Filter>
    </ClCompile>
    <ClCompile Include="Engine\ParticleSystem\Emitter.cpp">
      <Filter>Engine\ParticleSystem</Filter>
    </ClCompile>
    <ClCompile Include="Engine\Math\MathStructures.cpp">
      <Filter>Engine\Math</Filter>
    </ClCompile>
    <ClCompile Include="Engine\Collider\BoxCollider.cpp">
      <Filter>Engine\Collider</Filter>
    </ClCompile>
    <ClCompile Include="Engine\Light\PointLight.cpp">
      <Filter>Engine\Light</Filter>
    </ClCompile>
    <ClCompile Include="Engine\Light\BaseLight.cpp">
      <Filter>Engine\Light</Filter>
    </ClCompile>
    <ClCompile Include="Engine\Light\SpotLight.cpp">
      <Filter>Engine\Light</Filter>
    </ClCompile>
    <ClCompile Include="Engine\Audio\Audio.cpp">
      <Filter>Engine\Audio</Filter>
    </ClCompile>
    <ClCompile Include="Game\Scene\TestScene.cpp">
      <Filter>Game\Scene</Filter>
    </ClCompile>
    <ClCompile Include="Engine\Assets\ViewProjection.cpp">
      <Filter>Engine\Assets</Filter>
    </ClCompile>
    <ClCompile Include="Engine\Assets\WorldTransform.cpp">
      <Filter>Engine\Assets</Filter>
    </ClCompile>
    <ClCompile Include="Engine\Assets\RenderTexture.cpp">
      <Filter>Engine\Assets</Filter>
    </ClCompile>
    <ClCompile Include="Engine\DirectX\Pipeline\GraphicsPipelines.cpp">
      <Filter>Engine\DirectX\Pipeline</Filter>
    </ClCompile>
    <ClCompile Include="Engine\ComputeShader\ComputeShader.cpp">
      <Filter>Engine\ComputeShader</Filter>
    </ClCompile>
    <ClCompile Include="Engine\ComputeShader\ComputeShaderPipeline.cpp">
      <Filter>Engine\ComputeShader</Filter>
    </ClCompile>
    <ClCompile Include="Engine\ComputeShader\GrayScale.cpp">
      <Filter>Engine\ComputeShader</Filter>
    </ClCompile>
    <ClCompile Include="Engine\ComputeShader\BaseCSResource.cpp">
      <Filter>Engine\ComputeShader</Filter>
    </ClCompile>
    <ClCompile Include="Engine\Utilities\AnimationUtils.cpp">
      <Filter>Engine\Utilities</Filter>
    </ClCompile>
    <ClCompile Include="Engine\ComputeShader\GaussianBlur.cpp">
      <Filter>Engine\ComputeShader</Filter>
    </ClCompile>
    <ClCompile Include="Engine\ParticleSystem\BaseEffect.cpp">
      <Filter>Engine\ParticleSystem</Filter>
    </ClCompile>
    <ClCompile Include="Engine\ComputeShader\DepthOfField.cpp">
      <Filter>Engine\ComputeShader</Filter>
    </ClCompile>
    <ClCompile Include="Engine\Manager\SceneManager.cpp">
      <Filter>Engine\Manager</Filter>
    </ClCompile>
    <ClCompile Include="Game\Scene\BaseScene.cpp">
      <Filter>Game\Scene</Filter>
    </ClCompile>
    <ClCompile Include="Engine\Assets\PBRMaterial.cpp">
      <Filter>Engine\Assets</Filter>
    </ClCompile>
    <ClCompile Include="Engine\Manager\ModelManager.cpp">
      <Filter>Engine\Manager</Filter>
    </ClCompile>
    <ClCompile Include="Engine\Math\Quaternion.cpp">
      <Filter>Engine\Math</Filter>
    </ClCompile>
    <ClCompile Include="Engine\Assets\Animetor.cpp">
      <Filter>Engine\Assets</Filter>
    </ClCompile>
    <ClCompile Include="Engine\Lib\Transform.cpp">
      <Filter>Engine\Lib</Filter>
    </ClCompile>
    <ClCompile Include="Engine\Lib\GameTimer.cpp">
      <Filter>Engine\Lib</Filter>
    </ClCompile>
    <ClCompile Include="Engine\Assets\Skeleton.cpp">
      <Filter>Engine\Assets</Filter>
    </ClCompile>
    <ClCompile Include="Engine\Assets\Skinning.cpp">
      <Filter>Engine\Assets</Filter>
    </ClCompile>
    <ClCompile Include="Engine\2d\Sprite.cpp">
      <Filter>Engine\2d</Filter>
    </ClCompile>
    <ClCompile Include="Engine\2d\Triangle.cpp">
      <Filter>Engine\2d</Filter>
    </ClCompile>
    <ClCompile Include="Engine\ParticleSystem\EffectSystemEditer.cpp">
      <Filter>Engine\ParticleSystem\Editer</Filter>
    </ClCompile>
    <ClCompile Include="Engine\ParticleSystem\EffectSystem.cpp">
      <Filter>Engine\ParticleSystem\Editer</Filter>
    </ClCompile>
    <ClCompile Include="Engine\ParticleSystem\ParticleField.cpp">
      <Filter>Engine\ParticleSystem\Field</Filter>
    </ClCompile>
    <ClCompile Include="Engine\Render.cpp">
      <Filter>Engine</Filter>
    </ClCompile>
    <ClCompile Include="Engine\ParticleSystem\EffectSystemCamera.cpp">
      <Filter>Engine\ParticleSystem\Editer</Filter>
    </ClCompile>
    <ClCompile Include="Engine\Assets\AnimetionClip.cpp">
      <Filter>Engine\Assets</Filter>
    </ClCompile>
    <ClCompile Include="Engine\Collider\Collider.cpp">
      <Filter>Engine\Collider</Filter>
    </ClCompile>
    <ClCompile Include="Engine\Manager\CollisionManager.cpp">
      <Filter>Engine\Manager</Filter>
    </ClCompile>
    <ClCompile Include="Game\Camera\DebugCamera.cpp">
      <Filter>Game\Camera</Filter>
    </ClCompile>
    <ClCompile Include="Engine\Utilities\AdjustmentItem.cpp">
      <Filter>Engine\Utilities</Filter>
    </ClCompile>
    <ClCompile Include="Game\GameObject\BasePlacementObject.cpp">
      <Filter>Game\GameObject</Filter>
    </ClCompile>
    <ClCompile Include="Game\Editer\PlacementObjectEditer.cpp">
      <Filter>Game\Editer</Filter>
    </ClCompile>
    <ClCompile Include="Game\GameObject\Ground.cpp">
      <Filter>Game\GameObject</Filter>
    </ClCompile>
    <ClCompile Include="Game\GameObject\WaterSpace.cpp">
      <Filter>Game\GameObject</Filter>
    </ClCompile>
    <ClCompile Include="Game\GameObject\Player.cpp">
      <Filter>Game\GameObject</Filter>
    </ClCompile>
    <ClCompile Include="Engine\DirectX\RootSignature\RootSignatureBuilder.cpp">
      <Filter>Engine\DirectX\RootSignature</Filter>
    </ClCompile>
    <ClCompile Include="Engine\Manager\MeshManager.cpp">
      <Filter>Engine\Manager</Filter>
    </ClCompile>
    <ClCompile Include="Game\Camera\BaseCamera.cpp">
      <Filter>Game\Camera</Filter>
    </ClCompile>
    <ClCompile Include="Game\Effect\Trail.cpp">
      <Filter>Game\Effect</Filter>
    </ClCompile>
    <ClCompile Include="Engine\Math\Easing.cpp">
      <Filter>Engine\Math</Filter>
    </ClCompile>
    <ClCompile Include="Game\Manager\ObstaclesManager.cpp">
      <Filter>Game\Manager</Filter>
    </ClCompile>
    <ClCompile Include="Game\Scene\ResultScene.cpp">
      <Filter>Game\Scene</Filter>
    </ClCompile>
    <ClCompile Include="Game\Scene\TitleScene.cpp">
      <Filter>Game\Scene</Filter>
    </ClCompile>
    <ClCompile Include="Engine\ComputeShader\CsSkinnig.cpp">
      <Filter>Engine\ComputeShader</Filter>
    </ClCompile>
    <ClCompile Include="Game\Information\StageInformation.cpp">
      <Filter>Game\Information</Filter>
    </ClCompile>
    <ClCompile Include="Game\GameObject\Fish.cpp">
      <Filter>Game\GameObject</Filter>
    </ClCompile>
    <ClCompile Include="Game\Attachment\PlayerAnimator.cpp">
      <Filter>Game\Attachment</Filter>
    </ClCompile>
    <ClCompile Include="Engine\Audio\AudioPlayer.cpp">
      <Filter>Engine\Audio</Filter>
    </ClCompile>
    <ClCompile Include="Engine\DirectX\Descriptor\DescriptorAllocator.cpp">
      <Filter>Engine\DirectX\Descriptor</Filter>
    </ClCompile>
    <ClCompile Include="Game\Information\FlyingTimer.cpp">
      <Filter>Game\Information</Filter>
    </ClCompile>
    <ClCompile Include="Game\Information\GamePlayTimer.cpp">
      <Filter>Game\Information</Filter>
    </ClCompile>
    <ClCompile Include="Game\GameObject\WorldWall.cpp">
      <Filter>Game\GameObject</Filter>
    </ClCompile>
    <ClCompile Include="Engine\DirectX\Template\Pool.cpp">
      <Filter>Engine\DirectX\Template</Filter>
    </ClCompile>
    <ClCompile Include="Game\UI\FlyingTimerUI.cpp">
      <Filter>Game\UI</Filter>
    </ClCompile>
    <ClCompile Include="Game\Scene\TutorialScene.cpp">
      <Filter>ソース ファイル</Filter>
    </ClCompile>
    <ClCompile Include="Game\GameObject\Bird.cpp">
      <Filter>Game\GameObject\Placement</Filter>
    </ClCompile>
    <ClCompile Include="Game\GameObject\Coin.cpp">
      <Filter>Game\GameObject\Placement</Filter>
    </ClCompile>
    <ClCompile Include="Game\GameObject\Driftwood.cpp">
      <Filter>Game\GameObject\Placement</Filter>
    </ClCompile>
    <ClCompile Include="Game\GameObject\Fish.cpp">
      <Filter>Game\GameObject\Placement</Filter>
    </ClCompile>
    <ClCompile Include="Game\GameObject\Item.cpp">
      <Filter>Game\GameObject\Placement</Filter>
    </ClCompile>
    <ClCompile Include="Game\GameObject\Rock.cpp">
      <Filter>Game\GameObject\Placement</Filter>
    </ClCompile>
    <ClCompile Include="Game\GameObject\Waterweed.cpp">
      <Filter>Game\GameObject\Placement</Filter>
    </ClCompile>
    <ClCompile Include="Game\UI\TitleUI.cpp">
      <Filter>Game\UI</Filter>
    </ClCompile>
    <ClCompile Include="Game\UI\FlyingGaugeUI.cpp">
      <Filter>Game\UI</Filter>
    </ClCompile>
    <ClCompile Include="Game\Effect\Splash.cpp">
      <Filter>Game\Effect</Filter>
    </ClCompile>
    <ClCompile Include="Game\Effect\EmissionEffect.cpp">
      <Filter>Game\Effect</Filter>
    </ClCompile>
    <ClCompile Include="Game\Effect\ParticleManager.cpp">
      <Filter>ソース ファイル</Filter>
    </ClCompile>
    <ClCompile Include="Game\Effect\Cherry.cpp">
      <Filter>ソース ファイル</Filter>
    </ClCompile>
    <ClCompile Include="Game\Effect\BaseParticle2D.cpp">
      <Filter>ソース ファイル</Filter>
    </ClCompile>
    <ClCompile Include="Engine\Manager\AudioManager.cpp">
      <Filter>Engine\Manager</Filter>
    </ClCompile>
    <ClCompile Include="Game\GameObject\Mountain.cpp">
      <Filter>Game\GameObject</Filter>
    </ClCompile>
    <ClCompile Include="Game\GameObject\PlayerWings.cpp">
      <Filter>Game\GameObject</Filter>
    </ClCompile>
    <ClCompile Include="Game\UI\PlayerSpeedCounter.cpp">
      <Filter>Game\UI</Filter>
    </ClCompile>
    <ClCompile Include="Game\GameObject\PlayerBody.cpp">
      <Filter>Game\GameObject</Filter>
    </ClCompile>
    <ClCompile Include="Game\GameObject\WorldObjects.cpp">
      <Filter>Game\GameObject</Filter>
    </ClCompile>
    <ClCompile Include="Game\Manager\AnimetionEffectManager.cpp">
      <Filter>Game\Manager</Filter>
    </ClCompile>
    <ClCompile Include="Game\Camera\ResultCamera.cpp">
      <Filter>ソース ファイル</Filter>
    </ClCompile>
    <ClCompile Include="Game\Effect\TickerTape.cpp">
      <Filter>ソース ファイル</Filter>
    </ClCompile>
    <ClCompile Include="Game\Effect\Bubble.cpp">
      <Filter>ソース ファイル</Filter>
    </ClCompile>
  </ItemGroup>
  <ItemGroup>
    <ClInclude Include="Engine\WinApp\WinApp.h">
      <Filter>Engine\WinApp</Filter>
    </ClInclude>
    <ClInclude Include="Engine\Utilities\Convert.h">
      <Filter>Engine\Utilities</Filter>
    </ClInclude>
    <ClInclude Include="Engine\Utilities\DirectXUtils.h">
      <Filter>Engine\Utilities</Filter>
    </ClInclude>
    <ClInclude Include="Engine\DirectX\DirectXCommon\DirectXCommon.h">
      <Filter>Engine\DirectX\DirectXCommon</Filter>
    </ClInclude>
    <ClInclude Include="Engine\DirectX\DirectXDevice\DirectXDevice.h">
      <Filter>Engine\DirectX\DirectXDevice</Filter>
    </ClInclude>
    <ClInclude Include="Engine\DirectX\DirectXCommands\DirectXCommands.h">
      <Filter>Engine\DirectX\DirectXCommands</Filter>
    </ClInclude>
    <ClInclude Include="Engine\DirectX\Descriptor\DescriptorHeap.h">
      <Filter>Engine\DirectX\Descriptor</Filter>
    </ClInclude>
    <ClInclude Include="Engine\DirectX\Descriptor\DescriptorSize.h">
      <Filter>Engine\DirectX\Descriptor</Filter>
    </ClInclude>
    <ClInclude Include="Engine\DirectX\RTV\RenderTarget.h">
      <Filter>Engine\DirectX\RTV</Filter>
    </ClInclude>
    <ClInclude Include="Engine\Engine.h">
      <Filter>Engine</Filter>
    </ClInclude>
    <ClInclude Include="Engine\Utilities\Debug.h">
      <Filter>Engine\Utilities</Filter>
    </ClInclude>
    <ClInclude Include="Engine\DirectX\RootSignature\RootSignature.h">
      <Filter>Engine\DirectX\RootSignature</Filter>
    </ClInclude>
    <ClInclude Include="Engine\DirectX\Pipeline\Pipeline.h">
      <Filter>Engine\DirectX\Pipeline</Filter>
    </ClInclude>
    <ClInclude Include="Engine\Math\Matrix3x3.h">
      <Filter>Engine\Math</Filter>
    </ClInclude>
    <ClInclude Include="Engine\Math\Matrix4x4.h">
      <Filter>Engine\Math</Filter>
    </ClInclude>
    <ClInclude Include="Engine\Math\Vector2.h">
      <Filter>Engine\Math</Filter>
    </ClInclude>
    <ClInclude Include="Engine\Math\Vector3.h">
      <Filter>Engine\Math</Filter>
    </ClInclude>
    <ClInclude Include="Engine\Math\Vector4.h">
      <Filter>Engine\Math</Filter>
    </ClInclude>
    <ClInclude Include="Engine\Math\MyMath.h">
      <Filter>Engine\Math</Filter>
    </ClInclude>
    <ClInclude Include="Engine\Math\MyMatrix.h">
      <Filter>Engine\Math</Filter>
    </ClInclude>
    <ClInclude Include="Engine\Lib\Transform.h">
      <Filter>Engine\Lib</Filter>
    </ClInclude>
    <ClInclude Include="Externals\ImGui\imconfig.h">
      <Filter>Engine\ImGui</Filter>
    </ClInclude>
    <ClInclude Include="Externals\ImGui\imgui.h">
      <Filter>Engine\ImGui</Filter>
    </ClInclude>
    <ClInclude Include="Externals\ImGui\imgui_impl_dx12.h">
      <Filter>Engine\ImGui</Filter>
    </ClInclude>
    <ClInclude Include="Externals\ImGui\imgui_impl_win32.h">
      <Filter>Engine\ImGui</Filter>
    </ClInclude>
    <ClInclude Include="Externals\ImGui\imgui_internal.h">
      <Filter>Engine\ImGui</Filter>
    </ClInclude>
    <ClInclude Include="Externals\ImGui\imstb_rectpack.h">
      <Filter>Engine\ImGui</Filter>
    </ClInclude>
    <ClInclude Include="Externals\ImGui\imstb_textedit.h">
      <Filter>Engine\ImGui</Filter>
    </ClInclude>
    <ClInclude Include="Externals\ImGui\imstb_truetype.h">
      <Filter>Engine\ImGui</Filter>
    </ClInclude>
    <ClInclude Include="Engine\Manager\ImGuiManager.h">
      <Filter>Engine\Manager</Filter>
    </ClInclude>
    <ClInclude Include="Engine\Manager\TextureManager.h">
      <Filter>Engine\Manager</Filter>
    </ClInclude>
    <ClInclude Include="Engine\Lib\VertexData.h">
      <Filter>Engine\Lib</Filter>
    </ClInclude>
    <ClInclude Include="Engine\GameObject\Sphere.h">
      <Filter>Engine\GameObject</Filter>
    </ClInclude>
    <ClInclude Include="Engine\Light\DirectionalLight.h">
      <Filter>Engine\Light</Filter>
    </ClInclude>
    <ClInclude Include="Engine\Light\LightGroup.h">
      <Filter>Engine\Light</Filter>
    </ClInclude>
    <ClInclude Include="Game\Camera\Camera.h">
      <Filter>Game\Camera</Filter>
    </ClInclude>
    <ClInclude Include="Engine\Input\Input.h">
      <Filter>Engine\Input</Filter>
    </ClInclude>
    <ClInclude Include="Engine\DirectX\Pipeline\InputLayout.h">
      <Filter>Engine\DirectX\Pipeline</Filter>
    </ClInclude>
    <ClInclude Include="Engine\2d\PrimitiveDrawer.h">
      <Filter>Engine\2d</Filter>
    </ClInclude>
    <ClInclude Include="Engine\DirectX\Pipeline\PrimitivePipeline.h">
      <Filter>Engine\DirectX\Pipeline</Filter>
    </ClInclude>
    <ClInclude Include="Engine\DirectX\DirectXCompiler\DirectXCompiler.h">
      <Filter>Engine\DirectX\DirectXCompiler</Filter>
    </ClInclude>
    <ClInclude Include="Engine\Light\Phong.h">
      <Filter>Engine\Light</Filter>
    </ClInclude>
    <ClInclude Include="Engine\Assets\Material.h">
      <Filter>Engine\Assets</Filter>
    </ClInclude>
    <ClInclude Include="Engine\Assets\Mesh.h">
      <Filter>Engine\Assets</Filter>
    </ClInclude>
    <ClInclude Include="Engine\GameObject\BaseGameObject.h">
      <Filter>Engine\GameObject</Filter>
    </ClInclude>
    <ClInclude Include="Engine\Assets\TransformationMatrix.h">
      <Filter>Engine\Assets</Filter>
    </ClInclude>
    <ClInclude Include="Engine\GameObject\Model.h">
      <Filter>Engine\GameObject</Filter>
    </ClInclude>
    <ClInclude Include="Engine\Utilities\DrawUtils.h">
      <Filter>Engine\Utilities</Filter>
    </ClInclude>
    <ClInclude Include="Engine\Utilities\Shader.h">
      <Filter>Engine\Utilities</Filter>
    </ClInclude>
    <ClInclude Include="Game\Scene\GameScene.h">
      <Filter>Game\Scene</Filter>
    </ClInclude>
    <ClInclude Include="Engine\DirectX\Pipeline\Blend.h">
      <Filter>Engine\DirectX\Pipeline</Filter>
    </ClInclude>
    <ClInclude Include="Engine\ParticleSystem\BaseParticle.h">
      <Filter>Engine\ParticleSystem</Filter>
    </ClInclude>
    <ClInclude Include="Engine\ParticleSystem\ParticleForGPU.h">
      <Filter>Engine\ParticleSystem</Filter>
    </ClInclude>
    <ClInclude Include="Engine\Utilities\Loader.h">
      <Filter>Engine\Utilities</Filter>
    </ClInclude>
    <ClInclude Include="Engine\Math\MyRandom.h">
      <Filter>Engine\Math</Filter>
    </ClInclude>
    <ClInclude Include="Engine\ParticleSystem\Emitter.h">
      <Filter>Engine\ParticleSystem</Filter>
    </ClInclude>
    <ClInclude Include="Engine\Math\MathStructures.h">
      <Filter>Engine\Math</Filter>
    </ClInclude>
    <ClInclude Include="Engine\Collider\BoxCollider.h">
      <Filter>Engine\Collider</Filter>
    </ClInclude>
    <ClInclude Include="Engine\Light\PointLight.h">
      <Filter>Engine\Light</Filter>
    </ClInclude>
    <ClInclude Include="Engine\Light\BaseLight.h">
      <Filter>Engine\Light</Filter>
    </ClInclude>
    <ClInclude Include="Engine\Light\SpotLight.h">
      <Filter>Engine\Light</Filter>
    </ClInclude>
    <ClInclude Include="Engine\Audio\Audio.h">
      <Filter>Engine\Audio</Filter>
    </ClInclude>
    <ClInclude Include="Game\Scene\TestScene.h">
      <Filter>Game\Scene</Filter>
    </ClInclude>
    <ClInclude Include="Engine\Assets\ViewProjection.h">
      <Filter>Engine\Assets</Filter>
    </ClInclude>
    <ClInclude Include="Engine\Assets\WorldTransform.h">
      <Filter>Engine\Assets</Filter>
    </ClInclude>
    <ClInclude Include="Engine\Assets\RenderTexture.h">
      <Filter>Engine\Assets</Filter>
    </ClInclude>
    <ClInclude Include="Engine\DirectX\Pipeline\GraphicsPipelines.h">
      <Filter>Engine\DirectX\Pipeline</Filter>
    </ClInclude>
    <ClInclude Include="Engine\ComputeShader\ComputeShader.h">
      <Filter>Engine\ComputeShader</Filter>
    </ClInclude>
    <ClInclude Include="Engine\ComputeShader\ComputeShaderPipeline.h">
      <Filter>Engine\ComputeShader</Filter>
    </ClInclude>
    <ClInclude Include="Engine\ComputeShader\GrayScale.h">
      <Filter>Engine\ComputeShader</Filter>
    </ClInclude>
    <ClInclude Include="Engine\ComputeShader\BaseCSResource.h">
      <Filter>Engine\ComputeShader</Filter>
    </ClInclude>
    <ClInclude Include="Engine\Utilities\AnimationUtils.h">
      <Filter>Engine\Utilities</Filter>
    </ClInclude>
    <ClInclude Include="Engine\ComputeShader\GaussianBlur.h">
      <Filter>Engine\ComputeShader</Filter>
    </ClInclude>
    <ClInclude Include="Engine\ParticleSystem\BaseEffect.h">
      <Filter>Engine\ParticleSystem</Filter>
    </ClInclude>
    <ClInclude Include="Engine\ComputeShader\DepthOfField.h">
      <Filter>Engine\ComputeShader</Filter>
    </ClInclude>
    <ClInclude Include="Engine\Manager\SceneManager.h">
      <Filter>Engine\Manager</Filter>
    </ClInclude>
    <ClInclude Include="Game\Scene\BaseScene.h">
      <Filter>Game\Scene</Filter>
    </ClInclude>
    <ClInclude Include="Engine\Assets\PBRMaterial.h">
      <Filter>Engine\Assets</Filter>
    </ClInclude>
    <ClInclude Include="Engine\Manager\ModelManager.h">
      <Filter>Engine\Manager</Filter>
    </ClInclude>
    <ClInclude Include="Engine\Math\Quaternion.h">
      <Filter>Engine\Math</Filter>
    </ClInclude>
    <ClInclude Include="Engine\Assets\Animetor.h">
      <Filter>Engine\Assets</Filter>
    </ClInclude>
    <ClInclude Include="Engine\Lib\GameTimer.h">
      <Filter>Engine\Lib</Filter>
    </ClInclude>
    <ClInclude Include="Engine\Assets\Skeleton.h">
      <Filter>Engine\Assets</Filter>
    </ClInclude>
    <ClInclude Include="Engine\Assets\Skinning.h">
      <Filter>Engine\Assets</Filter>
    </ClInclude>
    <ClInclude Include="Engine\2d\Sprite.h">
      <Filter>Engine\2d</Filter>
    </ClInclude>
    <ClInclude Include="Engine\2d\Triangle.h">
      <Filter>Engine\2d</Filter>
    </ClInclude>
    <ClInclude Include="Engine\ParticleSystem\EffectSystemEditer.h">
      <Filter>Engine\ParticleSystem\Editer</Filter>
    </ClInclude>
    <ClInclude Include="Engine\ParticleSystem\EffectSystem.h">
      <Filter>Engine\ParticleSystem\Editer</Filter>
    </ClInclude>
    <ClInclude Include="Engine\ParticleSystem\ParticleField.h">
      <Filter>Engine\ParticleSystem\Field</Filter>
    </ClInclude>
    <ClInclude Include="Engine\Render.h">
      <Filter>Engine</Filter>
    </ClInclude>
    <ClInclude Include="Engine\ParticleSystem\EffectSystemCamera.h">
      <Filter>Engine\ParticleSystem\Editer</Filter>
    </ClInclude>
    <ClInclude Include="Engine\Assets\AnimetionClip.h">
      <Filter>Engine\Assets</Filter>
    </ClInclude>
    <ClInclude Include="Engine\Collider\Collider.h">
      <Filter>Engine\Collider</Filter>
    </ClInclude>
    <ClInclude Include="Engine\Manager\CollisionManager.h">
      <Filter>Engine\Manager</Filter>
    </ClInclude>
    <ClInclude Include="Game\Camera\DebugCamera.h">
      <Filter>Game\Camera</Filter>
    </ClInclude>
    <ClInclude Include="Engine\Utilities\AdjustmentItem.h">
      <Filter>Engine\Utilities</Filter>
    </ClInclude>
    <ClInclude Include="Game\GameObject\Ground.h">
      <Filter>Game\GameObject</Filter>
    </ClInclude>
    <ClInclude Include="Game\GameObject\WaterSpace.h">
      <Filter>Game\GameObject</Filter>
    </ClInclude>
    <ClInclude Include="Game\GameObject\Player.h">
      <Filter>Game\GameObject</Filter>
    </ClInclude>
    <ClInclude Include="Engine\DirectX\RootSignature\RootSignatureBuilder.h">
      <Filter>Engine\DirectX\RootSignature</Filter>
    </ClInclude>
    <ClInclude Include="Game\Editer\PlacementObjectEditer.h">
      <Filter>Game\Editer</Filter>
    </ClInclude>
    <ClInclude Include="Game\GameObject\BasePlacementObject.h">
      <Filter>Game\GameObject</Filter>
    </ClInclude>
    <ClInclude Include="Engine\Math\Easing.h">
      <Filter>Engine\Math</Filter>
    </ClInclude>
    <ClInclude Include="Game\Manager\ObstaclesManager.h">
      <Filter>Game\Manager</Filter>
    </ClInclude>
    <ClInclude Include="Engine\Manager\MeshManager.h">
      <Filter>ヘッダー ファイル</Filter>
    </ClInclude>
    <ClInclude Include="Game\Camera\BaseCamera.h">
      <Filter>ヘッダー ファイル</Filter>
    </ClInclude>
    <ClInclude Include="Game\Effect\Trail.h">
      <Filter>ヘッダー ファイル</Filter>
    </ClInclude>
    <ClInclude Include="Engine\Manager\MeshManager.h">
      <Filter>ヘッダー ファイル</Filter>
    </ClInclude>
    <ClInclude Include="Game\Camera\BaseCamera.h">
      <Filter>ヘッダー ファイル</Filter>
    </ClInclude>
    <ClInclude Include="Game\Effect\Trail.h">
      <Filter>ヘッダー ファイル</Filter>
    </ClInclude>
    <ClInclude Include="Game\Scene\ResultScene.h">
      <Filter>Game\Scene</Filter>
    </ClInclude>
    <ClInclude Include="Game\Scene\TitleScene.h">
      <Filter>Game\Scene</Filter>
    </ClInclude>
    <ClInclude Include="Engine\ComputeShader\CsSkinnig.h">
      <Filter>Engine\ComputeShader</Filter>
    </ClInclude>
    <ClInclude Include="Game\Information\StageInformation.h">
      <Filter>Game\Information</Filter>
    </ClInclude>
    <ClInclude Include="Game\GameObject\Fish.h">
      <Filter>Game\GameObject</Filter>
    </ClInclude>
    <ClInclude Include="Engine\Manager\MeshManager.h">
      <Filter>Engine\Manager</Filter>
    </ClInclude>
    <ClInclude Include="Game\Camera\BaseCamera.h">
      <Filter>Game\Camera</Filter>
    </ClInclude>
    <ClInclude Include="Game\Effect\Trail.h">
      <Filter>Game\Effect</Filter>
    </ClInclude>
    <ClInclude Include="Game\Attachment\PlayerAnimator.h">
      <Filter>Game\Attachment</Filter>
    </ClInclude>
    <ClInclude Include="Engine\Audio\AudioPlayer.h">
      <Filter>Engine\Audio</Filter>
    </ClInclude>
    <ClInclude Include="Engine\DirectX\Descriptor\DescriptorAllocator.h">
      <Filter>Engine\DirectX\Descriptor</Filter>
    </ClInclude>
    <ClInclude Include="Game\Information\FlyingTimer.h">
      <Filter>Game\Information</Filter>
    </ClInclude>
    <ClInclude Include="Game\Information\GamePlayTimer.h">
      <Filter>Game\Information</Filter>
    </ClInclude>
    <ClInclude Include="Game\GameObject\WorldWall.h">
      <Filter>Game\GameObject</Filter>
    </ClInclude>
    <ClInclude Include="Engine\DirectX\Template\Pool.h">
      <Filter>Engine\DirectX\Template</Filter>
    </ClInclude>
    <ClInclude Include="Game\UI\FlyingTimerUI.h">
      <Filter>Game\UI</Filter>
    </ClInclude>
    <ClInclude Include="Game\Scene\TutorialScene.h">
      <Filter>ヘッダー ファイル</Filter>
    </ClInclude>
    <ClInclude Include="Game\GameObject\Bird.h">
      <Filter>Game\GameObject\Placement</Filter>
    </ClInclude>
    <ClInclude Include="Game\GameObject\Coin.h">
      <Filter>Game\GameObject\Placement</Filter>
    </ClInclude>
    <ClInclude Include="Game\GameObject\Driftwood.h">
      <Filter>Game\GameObject\Placement</Filter>
    </ClInclude>
    <ClInclude Include="Game\GameObject\Fish.h">
      <Filter>Game\GameObject\Placement</Filter>
    </ClInclude>
    <ClInclude Include="Game\GameObject\Item.h">
      <Filter>Game\GameObject\Placement</Filter>
    </ClInclude>
    <ClInclude Include="Game\GameObject\Rock.h">
      <Filter>Game\GameObject\Placement</Filter>
    </ClInclude>
    <ClInclude Include="Game\GameObject\Waterweed.h">
      <Filter>Game\GameObject\Placement</Filter>
    </ClInclude>
    <ClInclude Include="Game\UI\TitleUI.h">
      <Filter>Game\UI</Filter>
    </ClInclude>
    <ClInclude Include="Game\UI\FlyingGaugeUI.h">
      <Filter>Game\UI</Filter>
    </ClInclude>
    <ClInclude Include="Game\Effect\Splash.h">
      <Filter>Game\Effect</Filter>
    </ClInclude>
    <ClInclude Include="Game\Effect\EmissionEffect.h">
      <Filter>Game\Effect</Filter>
    </ClInclude>
    <ClInclude Include="Game\Effect\ParticleManager.h">
      <Filter>ヘッダー ファイル</Filter>
    </ClInclude>
    <ClInclude Include="Game\Effect\Cherry.h">
      <Filter>ヘッダー ファイル</Filter>
    </ClInclude>
    <ClInclude Include="Game\Effect\BaseParticle2D.h">
      <Filter>ヘッダー ファイル</Filter>
    </ClInclude>
    <ClInclude Include="Engine\Manager\AudioManager.h">
      <Filter>Engine\Manager</Filter>
    </ClInclude>
    <ClInclude Include="Game\GameObject\Mountain.h">
      <Filter>Game\GameObject</Filter>
    </ClInclude>
    <ClInclude Include="Game\GameObject\PlayerWings.h">
      <Filter>Game\GameObject</Filter>
    </ClInclude>
    <ClInclude Include="Game\UI\PlayerSpeedCounter.h">
      <Filter>Game\UI</Filter>
    </ClInclude>
    <ClInclude Include="Game\GameObject\PlayerBody.h">
      <Filter>Game\GameObject</Filter>
    </ClInclude>
    <ClInclude Include="Game\GameObject\WorldObjects.h">
      <Filter>Game\GameObject</Filter>
    </ClInclude>
    <ClInclude Include="Game\Manager\AnimetionEffectManager.h">
      <Filter>Game\Manager</Filter>
    </ClInclude>
    <ClInclude Include="Enviroment.h">
      <Filter>Game\Information</Filter>
    </ClInclude>
    <ClInclude Include="ObjectType.h">
      <Filter>Game\Information</Filter>
    </ClInclude>
    <ClInclude Include="Game\Camera\ResultCamera.h">
      <Filter>ヘッダー ファイル</Filter>
    </ClInclude>
    <ClInclude Include="Game\Effect\TickerTape.h">
      <Filter>ヘッダー ファイル</Filter>
    </ClInclude>
    <ClInclude Include="Game\Effect\Bubble.h">
      <Filter>ヘッダー ファイル</Filter>
    </ClInclude>
  </ItemGroup>
  <ItemGroup>
    <FxCompile Include="Engine\HLSL\Object3d.PS.hlsl">
      <Filter>Engine\HLSL</Filter>
    </FxCompile>
    <FxCompile Include="Engine\HLSL\Object3d.VS.hlsl">
      <Filter>Engine\HLSL</Filter>
    </FxCompile>
    <FxCompile Include="Engine\HLSL\Textureless.PS.hlsl">
      <Filter>Engine\HLSL</Filter>
    </FxCompile>
    <FxCompile Include="Engine\HLSL\Primitive.PS.hlsl">
      <Filter>Engine\HLSL</Filter>
    </FxCompile>
    <FxCompile Include="Engine\HLSL\Primitive.VS.hlsl">
      <Filter>Engine\HLSL</Filter>
    </FxCompile>
    <FxCompile Include="Engine\HLSL\Phong.Lighting.hlsl">
      <Filter>Engine\HLSL</Filter>
    </FxCompile>
    <FxCompile Include="Engine\HLSL\PBR.VS.hlsl">
      <Filter>Engine\HLSL</Filter>
    </FxCompile>
    <FxCompile Include="Engine\HLSL\Particle.PS.hlsl">
      <Filter>Engine\HLSL</Filter>
    </FxCompile>
    <FxCompile Include="Engine\HLSL\PBR.PS.hlsl">
      <Filter>Engine\HLSL</Filter>
    </FxCompile>
    <FxCompile Include="Engine\HLSL\Particle.VS.hlsl">
      <Filter>Engine\HLSL</Filter>
    </FxCompile>
    <FxCompile Include="Engine\HLSL\Sprite.PS.hlsl">
      <Filter>Engine\HLSL</Filter>
    </FxCompile>
    <FxCompile Include="Engine\HLSL\Sprite.VS.hlsl">
      <Filter>Engine\HLSL</Filter>
    </FxCompile>
    <FxCompile Include="Engine\HLSL\SkinningObject3d.VS.hlsl">
      <Filter>Engine\HLSL</Filter>
    </FxCompile>
    <FxCompile Include="Engine\HLSL\Blend.CS.hlsl">
      <Filter>Engine\HLSL\CS</Filter>
    </FxCompile>
    <FxCompile Include="Engine\HLSL\DepthOfField.CS.hlsl">
      <Filter>Engine\HLSL\CS</Filter>
    </FxCompile>
    <FxCompile Include="Engine\HLSL\GrayScale.CS.hlsl">
      <Filter>Engine\HLSL\CS</Filter>
    </FxCompile>
    <FxCompile Include="Engine\HLSL\HorizontalBlur.CS.hlsl">
      <Filter>Engine\HLSL\CS</Filter>
    </FxCompile>
    <FxCompile Include="Engine\HLSL\VerticalBlur.CS.hlsl">
      <Filter>Engine\HLSL\CS</Filter>
    </FxCompile>
    <FxCompile Include="Engine\HLSL\ResultRender.CS.hlsl">
      <Filter>Engine\HLSL\CS</Filter>
    </FxCompile>
    <FxCompile Include="Engine\HLSL\WaterSpace.PS.hlsl">
      <Filter>Engine\HLSL</Filter>
    </FxCompile>
    <FxCompile Include="Engine\HLSL\WaterSpace.VS.hlsl">
      <Filter>Engine\HLSL</Filter>
    </FxCompile>
    <FxCompile Include="Engine\HLSL\Skinning.CS.hlsl">
      <Filter>Engine\HLSL\CS</Filter>
    </FxCompile>
    <FxCompile Include="Engine\HLSL\WaterLighting.PS.hlsl">
      <Filter>Engine\HLSL</Filter>
    </FxCompile>
  </ItemGroup>
  <ItemGroup>
    <Text Include="Externals\ImGui\LICENSE.txt">
      <Filter>Engine\ImGui</Filter>
    </Text>
  </ItemGroup>
  <ItemGroup>
    <None Include="Engine\HLSL\Object3d.hlsli">
      <Filter>Engine\HLSL</Filter>
    </None>
    <None Include="Engine\HLSL\Primitive.hlsli">
      <Filter>Engine\HLSL</Filter>
    </None>
    <None Include="Engine\HLSL\Particle.hlsli">
      <Filter>Engine\HLSL</Filter>
    </None>
    <None Include="Engine\HLSL\PBR.hlsli">
      <Filter>Engine\HLSL</Filter>
    </None>
    <None Include="Engine\HLSL\Sprite.2d.hlsli">
      <Filter>Engine\HLSL</Filter>
    </None>
    <None Include="Engine\HLSL\WaterSpace.hlsli">
      <Filter>Engine\HLSL</Filter>
    </None>
  </ItemGroup>
</Project>